
Microsoft Visual Studio Solution File, Format Version 12.00
# Visual Studio 15
VisualStudioVersion = 15.0.28307.572
MinimumVisualStudioVersion = 10.0.40219.1
Project("{FAE04EC0-301F-11D3-BF4B-00C04F79EFBC}") = "MilitaryUnit", "MilitaryUnit\MilitaryUnit.csproj", "{48DFF945-0AB7-454D-BE26-E92D1B8231CF}"
EndProject
Global
	GlobalSection(SolutionConfigurationPlatforms) = preSolution
		Debug|Any CPU = Debug|Any CPU
		Release|Any CPU = Release|Any CPU
	EndGlobalSection
	GlobalSection(ProjectConfigurationPlatforms) = postSolution
		{48DFF945-0AB7-454D-BE26-E92D1B8231CF}.Debug|Any CPU.ActiveCfg = Debug|Any CPU
		{48DFF945-0AB7-454D-BE26-E92D1B8231CF}.Debug|Any CPU.Build.0 = Debug|Any CPU
		{48DFF945-0AB7-454D-BE26-E92D1B8231CF}.Release|Any CPU.ActiveCfg = Release|Any CPU
		{48DFF945-0AB7-454D-BE26-E92D1B8231CF}.Release|Any CPU.Build.0 = Release|Any CPU
	EndGlobalSection
	GlobalSection(SolutionProperties) = preSolution
		HideSolutionNode = FALSE
	EndGlobalSection
	GlobalSection(ExtensibilityGlobals) = postSolution
		SolutionGuid = {F04E7358-3CA3-4D63-B961-2AF2A47E17AC}
	EndGlobalSection
EndGlobal
